
Microsoft Visual Studio Solution File, Format Version 12.00
# Visual Studio Version 17
VisualStudioVersion = 17.2.32616.157
MinimumVisualStudioVersion = 10.0.40219.1
Project("{FAE04EC0-301F-11D3-BF4B-00C04F79EFBC}") = "UserSpy", "UserSpy\UserSpy.csproj", "{2014D197-840D-4626-B5F7-1E779D36717F}"
EndProject
Global
	GlobalSection(SolutionConfigurationPlatforms) = preSolution
		Debug|Any CPU = Debug|Any CPU
		Release|Any CPU = Release|Any CPU
	EndGlobalSection
	GlobalSection(ProjectConfigurationPlatforms) = postSolution
		{2014D197-840D-4626-B5F7-1E779D36717F}.Debug|Any CPU.ActiveCfg = Debug|Any CPU
		{2014D197-840D-4626-B5F7-1E779D36717F}.Debug|Any CPU.Build.0 = Debug|Any CPU
		{2014D197-840D-4626-B5F7-1E779D36717F}.Release|Any CPU.ActiveCfg = Release|Any CPU
		{2014D197-840D-4626-B5F7-1E779D36717F}.Release|Any CPU.Build.0 = Release|Any CPU
	EndGlobalSection
	GlobalSection(SolutionProperties) = preSolution
		HideSolutionNode = FALSE
	EndGlobalSection
	GlobalSection(ExtensibilityGlobals) = postSolution
		SolutionGuid = {DA8B87D1-27EB-40BE-9E25-4C1E599FAE37}
	EndGlobalSection
EndGlobal
